
Microsoft Visual Studio Solution File, Format Version 12.00
# Visual Studio Version 16
VisualStudioVersion = 16.0.29411.138
MinimumVisualStudioVersion = 10.0.40219.1
Project("{9A19103F-16F7-4668-BE54-9A1E7A4F7556}") = "SOW.Dominio", "src\SOW.Dominio\SOW.Dominio.csproj", "{F7713A3D-AD0C-48E8-A547-7E31D00464B9}"
EndProject
Project("{9A19103F-16F7-4668-BE54-9A1E7A4F7556}") = "SOW.Dominio.Testes", "tests\SOW.Dominio.Testes\SOW.Dominio.Testes.csproj", "{6C3361CD-4669-49A4-AA6B-603A903234B2}"
EndProject
Project("{9A19103F-16F7-4668-BE54-9A1E7A4F7556}") = "SOW.NucleoCompartilhado", "src\SOW.NucleoCompartilhado\SOW.NucleoCompartilhado.csproj", "{977F16B8-BDA5-419E-A061-4B0DA8C4BFB7}"
EndProject
Project("{2150E333-8FDC-42A3-9474-1A3956D46DE8}") = "src", "src", "{F1F7A5FC-C167-4104-B107-23AA16D724C5}"
EndProject
Project("{2150E333-8FDC-42A3-9474-1A3956D46DE8}") = "tests", "tests", "{65F63EDE-58AE-4DFD-A3C1-8405C72DC6A5}"
EndProject
Project("{9A19103F-16F7-4668-BE54-9A1E7A4F7556}") = "SOW.Infra.Dados", "src\SOW.Infra.Dados\SOW.Infra.Dados.csproj", "{39E932B6-038F-469A-8A2E-E8249C62F36A}"
EndProject
Project("{2150E333-8FDC-42A3-9474-1A3956D46DE8}") = "3 - Dominio", "3 - Dominio", "{9B6D3ADD-23AB-4558-B5DA-D1C917DFB7A1}"
EndProject
Project("{2150E333-8FDC-42A3-9474-1A3956D46DE8}") = "4 - Infraestrutura", "4 - Infraestrutura", "{E7E2D621-006F-4148-8DAD-2BBD0459E00B}"
EndProject
Project("{2150E333-8FDC-42A3-9474-1A3956D46DE8}") = "1 - Apresentacao", "1 - Apresentacao", "{6DE949E5-BC5B-4812-A028-3FDFB180DF1B}"
EndProject
Project("{2150E333-8FDC-42A3-9474-1A3956D46DE8}") = "4.1 - Dados", "4.1 - Dados", "{49617B0F-AC11-4171-BB93-6A989FC801A7}"
EndProject
Project("{2150E333-8FDC-42A3-9474-1A3956D46DE8}") = "2 - Aplicacao", "2 - Aplicacao", "{71CD4472-F365-42C6-A0CA-960302FCD0CB}"
EndProject
Project("{9A19103F-16F7-4668-BE54-9A1E7A4F7556}") = "SOW.WebApp", "src\SOW.WebApp\SOW.WebApp.csproj", "{41A25B77-43F5-4408-A9C2-6CB8D39DD765}"
EndProject
Project("{9A19103F-16F7-4668-BE54-9A1E7A4F7556}") = "SOW.Aplicacao", "src\SOW.Aplicacao\SOW.Aplicacao.csproj", "{1CD075F9-9074-449A-A2F6-B305B46D9B3A}"
EndProject
Project("{2150E333-8FDC-42A3-9474-1A3956D46DE8}") = "4.2 - IoC", "4.2 - IoC", "{9C9C5A7F-365D-4577-9443-A6B59DD47003}"
EndProject
Project("{9A19103F-16F7-4668-BE54-9A1E7A4F7556}") = "SOW.Infra.IoC", "src\SOW.Infra.IoC\SOW.Infra.IoC.csproj", "{E147F25E-A597-42E7-ACE9-EA3428B99B6A}"
EndProject
Project("{FAE04EC0-301F-11D3-BF4B-00C04F79EFBC}") = "SOW.IntegrationTests", "tests\SOW.IntegrationTests\SOW.IntegrationTests.csproj", "{AA20B76F-A90F-4B6C-97BB-6F199A6739C2}"
EndProject
Global
	GlobalSection(SolutionConfigurationPlatforms) = preSolution
		Debug|Any CPU = Debug|Any CPU
		Release|Any CPU = Release|Any CPU
	EndGlobalSection
	GlobalSection(ProjectConfigurationPlatforms) = postSolution
		{F7713A3D-AD0C-48E8-A547-7E31D00464B9}.Debug|Any CPU.ActiveCfg = Debug|Any CPU
		{F7713A3D-AD0C-48E8-A547-7E31D00464B9}.Debug|Any CPU.Build.0 = Debug|Any CPU
		{F7713A3D-AD0C-48E8-A547-7E31D00464B9}.Release|Any CPU.ActiveCfg = Release|Any CPU
		{F7713A3D-AD0C-48E8-A547-7E31D00464B9}.Release|Any CPU.Build.0 = Release|Any CPU
		{6C3361CD-4669-49A4-AA6B-603A903234B2}.Debug|Any CPU.ActiveCfg = Debug|Any CPU
		{6C3361CD-4669-49A4-AA6B-603A903234B2}.Debug|Any CPU.Build.0 = Debug|Any CPU
		{6C3361CD-4669-49A4-AA6B-603A903234B2}.Release|Any CPU.ActiveCfg = Release|Any CPU
		{6C3361CD-4669-49A4-AA6B-603A903234B2}.Release|Any CPU.Build.0 = Release|Any CPU
		{977F16B8-BDA5-419E-A061-4B0DA8C4BFB7}.Debug|Any CPU.ActiveCfg = Debug|Any CPU
		{977F16B8-BDA5-419E-A061-4B0DA8C4BFB7}.Debug|Any CPU.Build.0 = Debug|Any CPU
		{977F16B8-BDA5-419E-A061-4B0DA8C4BFB7}.Release|Any CPU.ActiveCfg = Release|Any CPU
		{977F16B8-BDA5-419E-A061-4B0DA8C4BFB7}.Release|Any CPU.Build.0 = Release|Any CPU
		{39E932B6-038F-469A-8A2E-E8249C62F36A}.Debug|Any CPU.ActiveCfg = Debug|Any CPU
		{39E932B6-038F-469A-8A2E-E8249C62F36A}.Debug|Any CPU.Build.0 = Debug|Any CPU
		{39E932B6-038F-469A-8A2E-E8249C62F36A}.Release|Any CPU.ActiveCfg = Release|Any CPU
		{39E932B6-038F-469A-8A2E-E8249C62F36A}.Release|Any CPU.Build.0 = Release|Any CPU
		{41A25B77-43F5-4408-A9C2-6CB8D39DD765}.Debug|Any CPU.ActiveCfg = Debug|Any CPU
		{41A25B77-43F5-4408-A9C2-6CB8D39DD765}.Debug|Any CPU.Build.0 = Debug|Any CPU
		{41A25B77-43F5-4408-A9C2-6CB8D39DD765}.Release|Any CPU.ActiveCfg = Release|Any CPU
		{41A25B77-43F5-4408-A9C2-6CB8D39DD765}.Release|Any CPU.Build.0 = Release|Any CPU
		{1CD075F9-9074-449A-A2F6-B305B46D9B3A}.Debug|Any CPU.ActiveCfg = Debug|Any CPU
		{1CD075F9-9074-449A-A2F6-B305B46D9B3A}.Debug|Any CPU.Build.0 = Debug|Any CPU
		{1CD075F9-9074-449A-A2F6-B305B46D9B3A}.Release|Any CPU.ActiveCfg = Release|Any CPU
		{1CD075F9-9074-449A-A2F6-B305B46D9B3A}.Release|Any CPU.Build.0 = Release|Any CPU
		{E147F25E-A597-42E7-ACE9-EA3428B99B6A}.Debug|Any CPU.ActiveCfg = Debug|Any CPU
		{E147F25E-A597-42E7-ACE9-EA3428B99B6A}.Debug|Any CPU.Build.0 = Debug|Any CPU
		{E147F25E-A597-42E7-ACE9-EA3428B99B6A}.Release|Any CPU.ActiveCfg = Release|Any CPU
		{E147F25E-A597-42E7-ACE9-EA3428B99B6A}.Release|Any CPU.Build.0 = Release|Any CPU
		{AA20B76F-A90F-4B6C-97BB-6F199A6739C2}.Debug|Any CPU.ActiveCfg = Debug|Any CPU
		{AA20B76F-A90F-4B6C-97BB-6F199A6739C2}.Debug|Any CPU.Build.0 = Debug|Any CPU
		{AA20B76F-A90F-4B6C-97BB-6F199A6739C2}.Release|Any CPU.ActiveCfg = Release|Any CPU
		{AA20B76F-A90F-4B6C-97BB-6F199A6739C2}.Release|Any CPU.Build.0 = Release|Any CPU
	EndGlobalSection
	GlobalSection(SolutionProperties) = preSolution
		HideSolutionNode = FALSE
	EndGlobalSection
	GlobalSection(NestedProjects) = preSolution
		{F7713A3D-AD0C-48E8-A547-7E31D00464B9} = {9B6D3ADD-23AB-4558-B5DA-D1C917DFB7A1}
		{6C3361CD-4669-49A4-AA6B-603A903234B2} = {65F63EDE-58AE-4DFD-A3C1-8405C72DC6A5}
		{977F16B8-BDA5-419E-A061-4B0DA8C4BFB7} = {9B6D3ADD-23AB-4558-B5DA-D1C917DFB7A1}
		{39E932B6-038F-469A-8A2E-E8249C62F36A} = {49617B0F-AC11-4171-BB93-6A989FC801A7}
		{9B6D3ADD-23AB-4558-B5DA-D1C917DFB7A1} = {F1F7A5FC-C167-4104-B107-23AA16D724C5}
		{E7E2D621-006F-4148-8DAD-2BBD0459E00B} = {F1F7A5FC-C167-4104-B107-23AA16D724C5}
		{6DE949E5-BC5B-4812-A028-3FDFB180DF1B} = {F1F7A5FC-C167-4104-B107-23AA16D724C5}
		{49617B0F-AC11-4171-BB93-6A989FC801A7} = {E7E2D621-006F-4148-8DAD-2BBD0459E00B}
		{71CD4472-F365-42C6-A0CA-960302FCD0CB} = {F1F7A5FC-C167-4104-B107-23AA16D724C5}
		{41A25B77-43F5-4408-A9C2-6CB8D39DD765} = {6DE949E5-BC5B-4812-A028-3FDFB180DF1B}
		{1CD075F9-9074-449A-A2F6-B305B46D9B3A} = {71CD4472-F365-42C6-A0CA-960302FCD0CB}
		{9C9C5A7F-365D-4577-9443-A6B59DD47003} = {E7E2D621-006F-4148-8DAD-2BBD0459E00B}
		{E147F25E-A597-42E7-ACE9-EA3428B99B6A} = {9C9C5A7F-365D-4577-9443-A6B59DD47003}
		{AA20B76F-A90F-4B6C-97BB-6F199A6739C2} = {65F63EDE-58AE-4DFD-A3C1-8405C72DC6A5}
	EndGlobalSection
	GlobalSection(ExtensibilityGlobals) = postSolution
		SolutionGuid = {1EEC6F5E-073B-4AB3-A85F-D17708554EAD}
	EndGlobalSection
EndGlobal
